
Microsoft Visual Studio Solution File, Format Version 12.00
# Visual Studio 2013
VisualStudioVersion = 12.0.30501.0
MinimumVisualStudioVersion = 10.0.40219.1
Project("{FAE04EC0-301F-11D3-BF4B-00C04F79EFBC}") = "ChouMei.API", "ChouMei.API.csproj", "{8AA4A6AC-87DF-4354-8038-A9CDA49CF46C}"
EndProject
Project("{FAE04EC0-301F-11D3-BF4B-00C04F79EFBC}") = "ChouMei.Model", "..\ChouMei.Model\ChouMei.Model.csproj", "{258A2D70-5F11-4A8A-AD5C-01D0CA458183}"
EndProject
Global
	GlobalSection(SolutionConfigurationPlatforms) = preSolution
		Debug|Any CPU = Debug|Any CPU
		Release|Any CPU = Release|Any CPU
	EndGlobalSection
	GlobalSection(ProjectConfigurationPlatforms) = postSolution
		{8AA4A6AC-87DF-4354-8038-A9CDA49CF46C}.Debug|Any CPU.ActiveCfg = Debug|Any CPU
		{8AA4A6AC-87DF-4354-8038-A9CDA49CF46C}.Debug|Any CPU.Build.0 = Debug|Any CPU
		{8AA4A6AC-87DF-4354-8038-A9CDA49CF46C}.Release|Any CPU.ActiveCfg = Release|Any CPU
		{8AA4A6AC-87DF-4354-8038-A9CDA49CF46C}.Release|Any CPU.Build.0 = Release|Any CPU
		{258A2D70-5F11-4A8A-AD5C-01D0CA458183}.Debug|Any CPU.ActiveCfg = Debug|Any CPU
		{258A2D70-5F11-4A8A-AD5C-01D0CA458183}.Debug|Any CPU.Build.0 = Debug|Any CPU
		{258A2D70-5F11-4A8A-AD5C-01D0CA458183}.Release|Any CPU.ActiveCfg = Release|Any CPU
		{258A2D70-5F11-4A8A-AD5C-01D0CA458183}.Release|Any CPU.Build.0 = Release|Any CPU
	EndGlobalSection
	GlobalSection(SolutionProperties) = preSolution
		HideSolutionNode = FALSE
	EndGlobalSection
EndGlobal
